// !$*UTF8*$!
{
	archiveVersion = 1;
	classes = {
	};
	objectVersion = 50;
	objects = {

/* Begin PBXBuildFile section */
		8BAA552922048BF0005BB16E /* AppDelegate.swift in Sources */ = {isa = PBXBuildFile; fileRef = 8BAA552822048BF0005BB16E /* AppDelegate.swift */; };
		8BAA552B22048BF0005BB16E /* ViewController.swift in Sources */ = {isa = PBXBuildFile; fileRef = 8BAA552A22048BF0005BB16E /* ViewController.swift */; };
		8BAA552E22048BF0005BB16E /* Main.storyboard in Resources */ = {isa = PBXBuildFile; fileRef = 8BAA552C22048BF0005BB16E /* Main.storyboard */; };
		8BAA553022048BF3005BB16E /* Assets.xcassets in Resources */ = {isa = PBXBuildFile; fileRef = 8BAA552F22048BF3005BB16E /* Assets.xcassets */; };
		8BAA553322048BF3005BB16E /* LaunchScreen.storyboard in Resources */ = {isa = PBXBuildFile; fileRef = 8BAA553122048BF3005BB16E /* LaunchScreen.storyboard */; };
		8BAA553E22048BF4005BB16E /* CATestsTests.swift in Sources */ = {isa = PBXBuildFile; fileRef = 8BAA553D22048BF4005BB16E /* CATestsTests.swift */; };
		8BAA554922048C46005BB16E /* ButtonView.swift in Sources */ = {isa = PBXBuildFile; fileRef = 8BAA554822048C46005BB16E /* ButtonView.swift */; };
		8BAA555022048CCD005BB16E /* CGSize+Extensions.swift in Sources */ = {isa = PBXBuildFile; fileRef = 8BAA554B22048CCD005BB16E /* CGSize+Extensions.swift */; };
		8BAA555122048CCD005BB16E /* Utils.swift in Sources */ = {isa = PBXBuildFile; fileRef = 8BAA554C22048CCD005BB16E /* Utils.swift */; };
		8BAA555222048CCD005BB16E /* UIBezierPath+BadgePath.swift in Sources */ = {isa = PBXBuildFile; fileRef = 8BAA554D22048CCD005BB16E /* UIBezierPath+BadgePath.swift */; };
		8BAA555322048CCD005BB16E /* CGRect+Extensions.swift in Sources */ = {isa = PBXBuildFile; fileRef = 8BAA554E22048CCD005BB16E /* CGRect+Extensions.swift */; };
		8BAA555422048CCD005BB16E /* PseudoConnection.swift in Sources */ = {isa = PBXBuildFile; fileRef = 8BAA554F22048CCD005BB16E /* PseudoConnection.swift */; };
/* End PBXBuildFile section */

/* Begin PBXContainerItemProxy section */
		8BAA553A22048BF4005BB16E /* PBXContainerItemProxy */ = {
			isa = PBXContainerItemProxy;
			containerPortal = 8BAA551D22048BF0005BB16E /* Project object */;
			proxyType = 1;
			remoteGlobalIDString = 8BAA552422048BF0005BB16E;
			remoteInfo = CATests;
		};
/* End PBXContainerItemProxy section */

/* Begin PBXFileReference section */
		8BAA552522048BF0005BB16E /* CATests.app */ = {isa = PBXFileReference; explicitFileType = wrapper.application; includeInIndex = 0; path = CATests.app; sourceTree = BUILT_PRODUCTS_DIR; };
		8BAA552822048BF0005BB16E /* AppDelegate.swift */ = {isa = PBXFileReference; lastKnownFileType = sourcecode.swift; path = AppDelegate.swift; sourceTree = "<group>"; };
		8BAA552A22048BF0005BB16E /* ViewController.swift */ = {isa = PBXFileReference; lastKnownFileType = sourcecode.swift; path = ViewController.swift; sourceTree = "<group>"; };
		8BAA552D22048BF0005BB16E /* Base */ = {isa = PBXFileReference; lastKnownFileType = file.storyboard; name = Base; path = Base.lproj/Main.storyboard; sourceTree = "<group>"; };
		8BAA552F22048BF3005BB16E /* Assets.xcassets */ = {isa = PBXFileReference; lastKnownFileType = folder.assetcatalog; path = Assets.xcassets; sourceTree = "<group>"; };
		8BAA553222048BF3005BB16E /* Base */ = {isa = PBXFileReference; lastKnownFileType = file.storyboard; name = Base; path = Base.lproj/LaunchScreen.storyboard; sourceTree = "<group>"; };
		8BAA553422048BF3005BB16E /* Info.plist */ = {isa = PBXFileReference; lastKnownFileType = text.plist.xml; path = Info.plist; sourceTree = "<group>"; };
		8BAA553922048BF4005BB16E /* CATestsTests.xctest */ = {isa = PBXFileReference; explicitFileType = wrapper.cfbundle; includeInIndex = 0; path = CATestsTests.xctest; sourceTree = BUILT_PRODUCTS_DIR; };
		8BAA553D22048BF4005BB16E /* CATestsTests.swift */ = {isa = PBXFileReference; lastKnownFileType = sourcecode.swift; path = CATestsTests.swift; sourceTree = "<group>"; };
		8BAA553F22048BF4005BB16E /* Info.plist */ = {isa = PBXFileReference; lastKnownFileType = text.plist.xml; path = Info.plist; sourceTree = "<group>"; };
		8BAA554822048C46005BB16E /* ButtonView.swift */ = {isa = PBXFileReference; lastKnownFileType = sourcecode.swift; path = ButtonView.swift; sourceTree = "<group>"; };
		8BAA554B22048CCD005BB16E /* CGSize+Extensions.swift */ = {isa = PBXFileReference; fileEncoding = 4; lastKnownFileType = sourcecode.swift; path = "CGSize+Extensions.swift"; sourceTree = "<group>"; };
		8BAA554C22048CCD005BB16E /* Utils.swift */ = {isa = PBXFileReference; fileEncoding = 4; lastKnownFileType = sourcecode.swift; path = Utils.swift; sourceTree = "<group>"; };
		8BAA554D22048CCD005BB16E /* UIBezierPath+BadgePath.swift */ = {isa = PBXFileReference; fileEncoding = 4; lastKnownFileType = sourcecode.swift; path = "UIBezierPath+BadgePath.swift"; sourceTree = "<group>"; };
		8BAA554E22048CCD005BB16E /* CGRect+Extensions.swift */ = {isa = PBXFileReference; fileEncoding = 4; lastKnownFileType = sourcecode.swift; path = "CGRect+Extensions.swift"; sourceTree = "<group>"; };
		8BAA554F22048CCD005BB16E /* PseudoConnection.swift */ = {isa = PBXFileReference; fileEncoding = 4; lastKnownFileType = sourcecode.swift; path = PseudoConnection.swift; sourceTree = "<group>"; };
/* End PBXFileReference section */

/* Begin PBXFrameworksBuildPhase section */
		8BAA552222048BF0005BB16E /* Frameworks */ = {
			isa = PBXFrameworksBuildPhase;
			buildActionMask = 2147483647;
			files = (
			);
			runOnlyForDeploymentPostprocessing = 0;
		};
		8BAA553622048BF4005BB16E /* Frameworks */ = {
			isa = PBXFrameworksBuildPhase;
			buildActionMask = 2147483647;
			files = (
			);
			runOnlyForDeploymentPostprocessing = 0;
		};
/* End PBXFrameworksBuildPhase section */

/* Begin PBXGroup section */
		8BAA551C22048BF0005BB16E = {
			isa = PBXGroup;
			children = (
				8BAA552722048BF0005BB16E /* CATests */,
				8BAA553C22048BF4005BB16E /* CATestsTests */,
				8BAA552622048BF0005BB16E /* Products */,
			);
			sourceTree = "<group>";
		};
		8BAA552622048BF0005BB16E /* Products */ = {
			isa = PBXGroup;
			children = (
				8BAA552522048BF0005BB16E /* CATests.app */,
				8BAA553922048BF4005BB16E /* CATestsTests.xctest */,
			);
			name = Products;
			sourceTree = "<group>";
		};
		8BAA552722048BF0005BB16E /* CATests */ = {
			isa = PBXGroup;
			children = (
				8BAA554A22048CCD005BB16E /* Sources */,
				8BAA552822048BF0005BB16E /* AppDelegate.swift */,
				8BAA552A22048BF0005BB16E /* ViewController.swift */,
				8BAA552C22048BF0005BB16E /* Main.storyboard */,
				8BAA552F22048BF3005BB16E /* Assets.xcassets */,
				8BAA553122048BF3005BB16E /* LaunchScreen.storyboard */,
				8BAA553422048BF3005BB16E /* Info.plist */,
				8BAA554822048C46005BB16E /* ButtonView.swift */,
			);
			path = CATests;
			sourceTree = "<group>";
		};
		8BAA553C22048BF4005BB16E /* CATestsTests */ = {
			isa = PBXGroup;
			children = (
				8BAA553D22048BF4005BB16E /* CATestsTests.swift */,
				8BAA553F22048BF4005BB16E /* Info.plist */,
			);
			path = CATestsTests;
			sourceTree = "<group>";
		};
		8BAA554A22048CCD005BB16E /* Sources */ = {
			isa = PBXGroup;
			children = (
				8BAA554B22048CCD005BB16E /* CGSize+Extensions.swift */,
				8BAA554C22048CCD005BB16E /* Utils.swift */,
				8BAA554D22048CCD005BB16E /* UIBezierPath+BadgePath.swift */,
				8BAA554E22048CCD005BB16E /* CGRect+Extensions.swift */,
				8BAA554F22048CCD005BB16E /* PseudoConnection.swift */,
			);
			path = Sources;
			sourceTree = "<group>";
		};
/* End PBXGroup section */

/* Begin PBXNativeTarget section */
		8BAA552422048BF0005BB16E /* CATests */ = {
			isa = PBXNativeTarget;
			buildConfigurationList = 8BAA554222048BF4005BB16E /* Build configuration list for PBXNativeTarget "CATests" */;
			buildPhases = (
				8BAA552122048BF0005BB16E /* Sources */,
				8BAA552222048BF0005BB16E /* Frameworks */,
				8BAA552322048BF0005BB16E /* Resources */,
			);
			buildRules = (
			);
			dependencies = (
			);
			name = CATests;
			productName = CATests;
			productReference = 8BAA552522048BF0005BB16E /* CATests.app */;
			productType = "com.apple.product-type.application";
		};
		8BAA553822048BF4005BB16E /* CATestsTests */ = {
			isa = PBXNativeTarget;
			buildConfigurationList = 8BAA554522048BF4005BB16E /* Build configuration list for PBXNativeTarget "CATestsTests" */;
			buildPhases = (
				8BAA553522048BF4005BB16E /* Sources */,
				8BAA553622048BF4005BB16E /* Frameworks */,
				8BAA553722048BF4005BB16E /* Resources */,
			);
			buildRules = (
			);
			dependencies = (
				8BAA553B22048BF4005BB16E /* PBXTargetDependency */,
			);
			name = CATestsTests;
			productName = CATestsTests;
			productReference = 8BAA553922048BF4005BB16E /* CATestsTests.xctest */;
			productType = "com.apple.product-type.bundle.unit-test";
		};
/* End PBXNativeTarget section */

/* Begin PBXProject section */
		8BAA551D22048BF0005BB16E /* Project object */ = {
			isa = PBXProject;
			attributes = {
				LastSwiftUpdateCheck = 1010;
				LastUpgradeCheck = 1010;
				ORGANIZATIONNAME = Avantiic;
				TargetAttributes = {
					8BAA552422048BF0005BB16E = {
						CreatedOnToolsVersion = 10.1;
					};
					8BAA553822048BF4005BB16E = {
						CreatedOnToolsVersion = 10.1;
						TestTargetID = 8BAA552422048BF0005BB16E;
					};
				};
			};
			buildConfigurationList = 8BAA552022048BF0005BB16E /* Build configuration list for PBXProject "CATests" */;
			compatibilityVersion = "Xcode 9.3";
			developmentRegion = en;
			hasScannedForEncodings = 0;
			knownRegions = (
				en,
				Base,
			);
			mainGroup = 8BAA551C22048BF0005BB16E;
			productRefGroup = 8BAA552622048BF0005BB16E /* Products */;
			projectDirPath = "";
			projectRoot = "";
			targets = (
				8BAA552422048BF0005BB16E /* CATests */,
				8BAA553822048BF4005BB16E /* CATestsTests */,
			);
		};
/* End PBXProject section */

/* Begin PBXResourcesBuildPhase section */
		8BAA552322048BF0005BB16E /* Resources */ = {
			isa = PBXResourcesBuildPhase;
			buildActionMask = 2147483647;
			files = (
				8BAA553322048BF3005BB16E /* LaunchScreen.storyboard in Resources */,
				8BAA553022048BF3005BB16E /* Assets.xcassets in Resources */,
				8BAA552E22048BF0005BB16E /* Main.storyboard in Resources */,
			);
			runOnlyForDeploymentPostprocessing = 0;
		};
		8BAA553722048BF4005BB16E /* Resources */ = {
			isa = PBXResourcesBuildPhase;
			buildActionMask = 2147483647;
			files = (
			);
			runOnlyForDeploymentPostprocessing = 0;
		};
/* End PBXResourcesBuildPhase section */

/* Begin PBXSourcesBuildPhase section */
		8BAA552122048BF0005BB16E /* Sources */ = {
			isa = PBXSourcesBuildPhase;
			buildActionMask = 2147483647;
			files = (
				8BAA555222048CCD005BB16E /* UIBezierPath+BadgePath.swift in Sources */,
				8BAA555422048CCD005BB16E /* PseudoConnection.swift in Sources */,
				8BAA555122048CCD005BB16E /* Utils.swift in Sources */,
				8BAA552B22048BF0005BB16E /* ViewController.swift in Sources */,
				8BAA552922048BF0005BB16E /* AppDelegate.swift in Sources */,
				8BAA555322048CCD005BB16E /* CGRect+Extensions.swift in Sources */,
				8BAA555022048CCD005BB16E /* CGSize+Extensions.swift in Sources */,
				8BAA554922048C46005BB16E /* ButtonView.swift in Sources */,
			);
			runOnlyForDeploymentPostprocessing = 0;
		};
		8BAA553522048BF4005BB16E /* Sources */ = {
			isa = PBXSourcesBuildPhase;
			buildActionMask = 2147483647;
			files = (
				8BAA553E22048BF4005BB16E /* CATestsTests.swift in Sources */,
			);
			runOnlyForDeploymentPostprocessing = 0;
		};
/* End PBXSourcesBuildPhase section */

/* Begin PBXTargetDependency section */
		8BAA553B22048BF4005BB16E /* PBXTargetDependency */ = {
			isa = PBXTargetDependency;
			target = 8BAA552422048BF0005BB16E /* CATests */;
			targetProxy = 8BAA553A22048BF4005BB16E /* PBXContainerItemProxy */;
		};
/* End PBXTargetDependency section */

/* Begin PBXVariantGroup section */
		8BAA552C22048BF0005BB16E /* Main.storyboard */ = {
			isa = PBXVariantGroup;
			children = (
				8BAA552D22048BF0005BB16E /* Base */,
			);
			name = Main.storyboard;
			sourceTree = "<group>";
		};
		8BAA553122048BF3005BB16E /* LaunchScreen.storyboard */ = {
			isa = PBXVariantGroup;
			children = (
				8BAA553222048BF3005BB16E /* Base */,
			);
			name = LaunchScreen.storyboard;
			sourceTree = "<group>";
		};
/* End PBXVariantGroup section */

/* Begin XCBuildConfiguration section */
		8BAA554022048BF4005BB16E /* Debug */ = {
			isa = XCBuildConfiguration;
			buildSettings = {
				ALWAYS_SEARCH_USER_PATHS = NO;
				CLANG_ANALYZER_NONNULL = YES;
				CLANG_ANALYZER_NUMBER_OBJECT_CONVERSION = YES_AGGRESSIVE;
				CLANG_CXX_LANGUAGE_STANDARD = "gnu++14";
				CLANG_CXX_LIBRARY = "libc++";
				CLANG_ENABLE_MODULES = YES;
				CLANG_ENABLE_OBJC_ARC = YES;
				CLANG_ENABLE_OBJC_WEAK = YES;
				CLANG_WARN_BLOCK_CAPTURE_AUTORELEASING = YES;
				CLANG_WARN_BOOL_CONVERSION = YES;
				CLANG_WARN_COMMA = YES;
				CLANG_WARN_CONSTANT_CONVERSION = YES;
				CLANG_WARN_DEPRECATED_OBJC_IMPLEMENTATIONS = YES;
				CLANG_WARN_DIRECT_OBJC_ISA_USAGE = YES_ERROR;
				CLANG_WARN_DOCUMENTATION_COMMENTS = YES;
				CLANG_WARN_EMPTY_BODY = YES;
				CLANG_WARN_ENUM_CONVERSION = YES;
				CLANG_WARN_INFINITE_RECURSION = YES;
				CLANG_WARN_INT_CONVERSION = YES;
				CLANG_WARN_NON_LITERAL_NULL_CONVERSION = YES;
				CLANG_WARN_OBJC_IMPLICIT_RETAIN_SELF = YES;
				CLANG_WARN_OBJC_LITERAL_CONVERSION = YES;
				CLANG_WARN_OBJC_ROOT_CLASS = YES_ERROR;
				CLANG_WARN_RANGE_LOOP_ANALYSIS = YES;
				CLANG_WARN_STRICT_PROTOTYPES = YES;
				CLANG_WARN_SUSPICIOUS_MOVE = YES;
				CLANG_WARN_UNGUARDED_AVAILABILITY = YES_AGGRESSIVE;
				CLANG_WARN_UNREACHABLE_CODE = YES;
				CLANG_WARN__DUPLICATE_METHOD_MATCH = YES;
				CODE_SIGN_IDENTITY = "iPhone Developer";
				COPY_PHASE_STRIP = NO;
				DEBUG_INFORMATION_FORMAT = dwarf;
				ENABLE_STRICT_OBJC_MSGSEND = YES;
				ENABLE_TESTABILITY = YES;
				GCC_C_LANGUAGE_STANDARD = gnu11;
				GCC_DYNAMIC_NO_PIC = NO;
				GCC_NO_COMMON_BLOCKS = YES;
				GCC_OPTIMIZATION_LEVEL = 0;
				GCC_PREPROCESSOR_DEFINITIONS = (
					"DEBUG=1",
					"$(inherited)",
				);
				GCC_WARN_64_TO_32_BIT_CONVERSION = YES;
				GCC_WARN_ABOUT_RETURN_TYPE = YES_ERROR;
				GCC_WARN_UNDECLARED_SELECTOR = YES;
				GCC_WARN_UNINITIALIZED_AUTOS = YES_AGGRESSIVE;
				GCC_WARN_UNUSED_FUNCTION = YES;
				GCC_WARN_UNUSED_VARIABLE = YES;
				IPHONEOS_DEPLOYMENT_TARGET = 12.1;
				MTL_ENABLE_DEBUG_INFO = INCLUDE_SOURCE;
				MTL_FAST_MATH = YES;
				ONLY_ACTIVE_ARCH = YES;
				SDKROOT = iphoneos;
				SWIFT_ACTIVE_COMPILATION_CONDITIONS = DEBUG;
				SWIFT_OPTIMIZATION_LEVEL = "-Onone";
			};
			name = Debug;
		};
		8BAA554122048BF4005BB16E /* Release */ = {
			isa = XCBuildConfiguration;
			buildSettings = {
				ALWAYS_SEARCH_USER_PATHS = NO;
				CLANG_ANALYZER_NONNULL = YES;
				CLANG_ANALYZER_NUMBER_OBJECT_CONVERSION = YES_AGGRESSIVE;
				CLANG_CXX_LANGUAGE_STANDARD = "gnu++14";
				CLANG_CXX_LIBRARY = "libc++";
				CLANG_ENABLE_MODULES = YES;
				CLANG_ENABLE_OBJC_ARC = YES;
				CLANG_ENABLE_OBJC_WEAK = YES;
				CLANG_WARN_BLOCK_CAPTURE_AUTORELEASING = YES;
				CLANG_WARN_BOOL_CONVERSION = YES;
				CLANG_WARN_COMMA = YES;
				CLANG_WARN_CONSTANT_CONVERSION = YES;
				CLANG_WARN_DEPRECATED_OBJC_IMPLEMENTATIONS = YES;
				CLANG_WARN_DIRECT_OBJC_ISA_USAGE = YES_ERROR;
				CLANG_WARN_DOCUMENTATION_COMMENTS = YES;
				CLANG_WARN_EMPTY_BODY = YES;
				CLANG_WARN_ENUM_CONVERSION = YES;
				CLANG_WARN_INFINITE_RECURSION = YES;
				CLANG_WARN_INT_CONVERSION = YES;
				CLANG_WARN_NON_LITERAL_NULL_CONVERSION = YES;
				CLANG_WARN_OBJC_IMPLICIT_RETAIN_SELF = YES;
				CLANG_WARN_OBJC_LITERAL_CONVERSION = YES;
				CLANG_WARN_OBJC_ROOT_CLASS = YES_ERROR;
				CLANG_WARN_RANGE_LOOP_ANALYSIS = YES;
				CLANG_WARN_STRICT_PROTOTYPES = YES;
				CLANG_WARN_SUSPICIOUS_MOVE = YES;
				CLANG_WARN_UNGUARDED_AVAILABILITY = YES_AGGRESSIVE;
				CLANG_WARN_UNREACHABLE_CODE = YES;
				CLANG_WARN__DUPLICATE_METHOD_MATCH = YES;
				CODE_SIGN_IDENTITY = "iPhone Developer";
				COPY_PHASE_STRIP = NO;
				DEBUG_INFORMATION_FORMAT = "dwarf-with-dsym";
				ENABLE_NS_ASSERTIONS = NO;
				ENABLE_STRICT_OBJC_MSGSEND = YES;
				GCC_C_LANGUAGE_STANDARD = gnu11;
				GCC_NO_COMMON_BLOCKS = YES;
				GCC_WARN_64_TO_32_BIT_CONVERSION = YES;
				GCC_WARN_ABOUT_RETURN_TYPE = YES_ERROR;
				GCC_WARN_UNDECLARED_SELECTOR = YES;
				GCC_WARN_UNINITIALIZED_AUTOS = YES_AGGRESSIVE;
				GCC_WARN_UNUSED_FUNCTION = YES;
				GCC_WARN_UNUSED_VARIABLE = YES;
				IPHONEOS_DEPLOYMENT_TARGET = 12.1;
				MTL_ENABLE_DEBUG_INFO = NO;
				MTL_FAST_MATH = YES;
				SDKROOT = iphoneos;
				SWIFT_COMPILATION_MODE = wholemodule;
				SWIFT_OPTIMIZATION_LEVEL = "-O";
				VALIDATE_PRODUCT = YES;
			};
			name = Release;
		};
		8BAA554322048BF4005BB16E /* Debug */ = {
			isa = XCBuildConfiguration;
			buildSettings = {
				ASSETCATALOG_COMPILER_APPICON_NAME = AppIcon;
				CODE_SIGN_STYLE = Automatic;
				INFOPLIST_FILE = CATests/Info.plist;
				LD_RUNPATH_SEARCH_PATHS = (
					"$(inherited)",
					"@executable_path/Frameworks",
				);
				PRODUCT_BUNDLE_IDENTIFIER = net.avantiic.CATests;
				PRODUCT_NAME = "$(TARGET_NAME)";
				SWIFT_VERSION = 4.2;
				TARGETED_DEVICE_FAMILY = "1,2";
			};
			name = Debug;
		};
		8BAA554422048BF4005BB16E /* Release */ = {
			isa = XCBuildConfiguration;
			buildSettings = {
				ASSETCATALOG_COMPILER_APPICON_NAME = AppIcon;
				CODE_SIGN_STYLE = Automatic;
				INFOPLIST_FILE = CATests/Info.plist;
				LD_RUNPATH_SEARCH_PATHS = (
					"$(inherited)",
					"@executable_path/Frameworks",
				);
				PRODUCT_BUNDLE_IDENTIFIER = net.avantiic.CATests;
				PRODUCT_NAME = "$(TARGET_NAME)";
				SWIFT_VERSION = 4.2;
				TARGETED_DEVICE_FAMILY = "1,2";
			};
			name = Release;
		};
		8BAA554622048BF4005BB16E /* Debug */ = {
			isa = XCBuildConfiguration;
			buildSettings = {
				ALWAYS_EMBED_SWIFT_STANDARD_LIBRARIES = YES;
				BUNDLE_LOADER = "$(TEST_HOST)";
				CODE_SIGN_STYLE = Automatic;
				INFOPLIST_FILE = CATestsTests/Info.plist;
				LD_RUNPATH_SEARCH_PATHS = (
					"$(inherited)",
					"@executable_path/Frameworks",
					"@loader_path/Frameworks",
				);
				PRODUCT_BUNDLE_IDENTIFIER = net.avantiic.CATestsTests;
				PRODUCT_NAME = "$(TARGET_NAME)";
				SWIFT_VERSION = 4.2;
				TARGETED_DEVICE_FAMILY = "1,2";
				TEST_HOST = "$(BUILT_PRODUCTS_DIR)/CATests.app/CATests";
			};
			name = Debug;
		};
		8BAA554722048BF4005BB16E /* Release */ = {
			isa = XCBuildConfiguration;
			buildSettings = {
				ALWAYS_EMBED_SWIFT_STANDARD_LIBRARIES = YES;
				BUNDLE_LOADER = "$(TEST_HOST)";
				CODE_SIGN_STYLE = Automatic;
				INFOPLIST_FILE = CATestsTests/Info.plist;
				LD_RUNPATH_SEARCH_PATHS = (
					"$(inherited)",
					"@executable_path/Frameworks",
					"@loader_path/Frameworks",
				);
				PRODUCT_BUNDLE_IDENTIFIER = net.avantiic.CATestsTests;
				PRODUCT_NAME = "$(TARGET_NAME)";
				SWIFT_VERSION = 4.2;
				TARGETED_DEVICE_FAMILY = "1,2";
				TEST_HOST = "$(BUILT_PRODUCTS_DIR)/CATests.app/CATests";
			};
			name = Release;
		};
/* End XCBuildConfiguration section */

/* Begin XCConfigurationList section */
		8BAA552022048BF0005BB16E /* Build configuration list for PBXProject "CATests" */ = {
			isa = XCConfigurationList;
			buildConfigurations = (
				8BAA554022048BF4005BB16E /* Debug */,
				8BAA554122048BF4005BB16E /* Release */,
			);
			defaultConfigurationIsVisible = 0;
			defaultConfigurationName = Release;
		};
		8BAA554222048BF4005BB16E /* Build configuration list for PBXNativeTarget "CATests" */ = {
			isa = XCConfigurationList;
			buildConfigurations = (
				8BAA554322048BF4005BB16E /* Debug */,
				8BAA554422048BF4005BB16E /* Release */,
			);
			defaultConfigurationIsVisible = 0;
			defaultConfigurationName = Release;
		};
		8BAA554522048BF4005BB16E /* Build configuration list for PBXNativeTarget "CATestsTests" */ = {
			isa = XCConfigurationList;
			buildConfigurations = (
				8BAA554622048BF4005BB16E /* Debug */,
				8BAA554722048BF4005BB16E /* Release */,
			);
			defaultConfigurationIsVisible = 0;
			defaultConfigurationName = Release;
		};
/* End XCConfigurationList section */
	};
	rootObject = 8BAA551D22048BF0005BB16E /* Project object */;
}
